lockfileVersion: '9.0'

settings:
  autoInstallPeers: true
  excludeLinksFromLockfile: false

importers:

  .:
    dependencies:
      '@hono/node-server':
        specifier: ^2.0.12
        version: 2.0.12(hono@4.12.32)
      hono:
        specifier: ^4.12.32
        version: 4.12.32

packages:

  '@hono/node-server@2.0.12':
    resolution: {integrity: sha512-eWpQYr67tqJLeaSUl0Q+TquuYfUdTibpOJlUMV2FfUP7+KqCC5TufnwnlXL6mobZBJbGAYRd7ZvEBDCbLInjhg==}
    engines: {node: '>=20'}
    peerDependencies:
      hono: ^4

  hono@4.12.32:
    resolution: {integrity: sha512-XcuyW9qE2kJn07PkecMOBd5Vq/hMy7mmGw+idz1yblbg9N17ijJODrvPkn7/dwL3Kulj8LcRJ69DLOWf91dRUg==}
    engines: {node: '>=16.9.0'}

snapshots:

  '@hono/node-server@2.0.12(hono@4.12.32)':
    dependencies:
      hono: 4.12.32

  hono@4.12.32: {}
